# THIS IS AN AUTOGENERATED FILE. DO NOT EDIT THIS FILE DIRECTLY.
# yarn lockfile v1


extend@^2.0.1:
  version "2.0.2"
  resolved "https://registry.yarnpkg.com/extend/-/extend-2.0.2.tgz#1b74985400171b85554894459c978de6ef453ab7"

moment-timezone@0.4.0:
  version "0.4.0"
  resolved "http://registry.npmjs.org/moment-timezone/-/moment-timezone-0.4.0.tgz#571ec43f5d2fb70ddb601c7d23b284e2f63ddab4"
  dependencies:
    moment ">= 2.6.0"

"moment@>= 2.6.0", moment@^2.22.2:
  version "2.22.2"
  resolved "https://registry.yarnpkg.com/moment/-/moment-2.22.2.tgz#3c257f9839fc0e93ff53149632239eb90783ff66"

odo-async@^1.0.0:
  version "1.0.2"
  resolved "https://registry.yarnpkg.com/odo-async/-/odo-async-1.0.2.tgz#43f7640d3e91d55048f4eb64f78e44da40a689d2"

odo-template@^1.0.0:
  version "1.0.0"
  resolved "https://registry.yarnpkg.com/odo-template/-/odo-template-1.0.0.tgz#db337a48a53464275682198b25f0f90b61f5f512"

odoql-exe@1.5.0:
  version "1.5.0"
  resolved "https://registry.yarnpkg.com/odoql-exe/-/odoql-exe-1.5.0.tgz#c2151b4473527b4fa583f17310b0e88c356ea31b"
  dependencies:
    extend "^2.0.1"
    odo-async "^1.0.0"
    odo-template "^1.0.0"

timespanner@2.2.0:
  version "2.2.0"
  resolved "https://registry.yarnpkg.com/timespanner/-/timespanner-2.2.0.tgz#c5f10d351676ad62f4d4d00e270d850f264763a3"
